// !$*UTF8*$!
{
	archiveVersion = 1;
	classes = {
	};
	objectVersion = 50;
	objects = {

/* Begin PBXBuildFile section */
		4FA9A4F18F10B2B6B0EA0A4B /* Pods_Armaggedon_2022.framework in Frameworks */ = {isa = PBXBuildFile; fileRef = F2A57124BF03A5EBDEC0FEFA /* Pods_Armaggedon_2022.framework */; };
		FA0D80E7281BF3E60008316B /* ParserProtocol.swift in Sources */ = {isa = PBXBuildFile; fileRef = FA0D80E2281BF3E60008316B /* ParserProtocol.swift */; };
		FA0D80E8281BF3E60008316B /* RequestConfig.swift in Sources */ = {isa = PBXBuildFile; fileRef = FA0D80E3281BF3E60008316B /* RequestConfig.swift */; };
		FA0D80E9281BF3E60008316B /* RequestSenderProtocol.swift in Sources */ = {isa = PBXBuildFile; fileRef = FA0D80E4281BF3E60008316B /* RequestSenderProtocol.swift */; };
		FA0D80EA281BF3E60008316B /* RequestProtocol.swift in Sources */ = {isa = PBXBuildFile; fileRef = FA0D80E5281BF3E60008316B /* RequestProtocol.swift */; };
		FA0D80EB281BF3E60008316B /* NetworkError.swift in Sources */ = {isa = PBXBuildFile; fileRef = FA0D80E6281BF3E60008316B /* NetworkError.swift */; };
		FA0D80EE281BF42D0008316B /* NetworkService.swift in Sources */ = {isa = PBXBuildFile; fileRef = FA0D80ED281BF42D0008316B /* NetworkService.swift */; };
		FA0D80F3281BF4900008316B /* RequestsFactory.swift in Sources */ = {isa = PBXBuildFile; fileRef = FA0D80F2281BF4900008316B /* RequestsFactory.swift */; };
		FA0D80F8281BF4D90008316B /* AsteroidsRequest.swift in Sources */ = {isa = PBXBuildFile; fileRef = FA0D80F7281BF4D90008316B /* AsteroidsRequest.swift */; };
		FA0D80FC281BF4F10008316B /* AsteroidsParser.swift in Sources */ = {isa = PBXBuildFile; fileRef = FA0D80FB281BF4F10008316B /* AsteroidsParser.swift */; };
		FA0D80FF281BF51C0008316B /* AsteroidsApiModel.swift in Sources */ = {isa = PBXBuildFile; fileRef = FA0D80FE281BF51C0008316B /* AsteroidsApiModel.swift */; };
		FA0D8105281C1CCE0008316B /* Date + DateFormatter.swift in Sources */ = {isa = PBXBuildFile; fileRef = FA0D8104281C1CCE0008316B /* Date + DateFormatter.swift */; };
		FA0D810B281C38590008316B /* Logger.swift in Sources */ = {isa = PBXBuildFile; fileRef = FA0D810A281C38590008316B /* Logger.swift */; };
		FA0D8115281C41980008316B /* CoreDataModel.xcdatamodeld in Sources */ = {isa = PBXBuildFile; fileRef = FA0D8113281C41980008316B /* CoreDataModel.xcdatamodeld */; };
		FA0D8119281C42360008316B /* CoreDataStack.swift in Sources */ = {isa = PBXBuildFile; fileRef = FA0D8118281C42360008316B /* CoreDataStack.swift */; };
		FA0D811E281C428E0008316B /* CoreDataService.swift in Sources */ = {isa = PBXBuildFile; fileRef = FA0D811D281C428E0008316B /* CoreDataService.swift */; };
		FA0D8121281C480F0008316B /* BaseFetchedResultsControllerDelegate.swift in Sources */ = {isa = PBXBuildFile; fileRef = FA0D8120281C480F0008316B /* BaseFetchedResultsControllerDelegate.swift */; };
		FA0D8125281C495B0008316B /* DestructAsteroidCell.swift in Sources */ = {isa = PBXBuildFile; fileRef = FA0D8124281C495B0008316B /* DestructAsteroidCell.swift */; };
		FA0D8128281C49D20008316B /* Array.swift in Sources */ = {isa = PBXBuildFile; fileRef = FA0D8127281C49D20008316B /* Array.swift */; };
		FA0D812C281C66BB0008316B /* UIButton.swift in Sources */ = {isa = PBXBuildFile; fileRef = FA0D812B281C66BB0008316B /* UIButton.swift */; };
		FA0D8130281C6C9E0008316B /* FilterPresenter.swift in Sources */ = {isa = PBXBuildFile; fileRef = FA0D812F281C6C9E0008316B /* FilterPresenter.swift */; };
		FA0D8135281C6D100008316B /* FilterViewController.swift in Sources */ = {isa = PBXBuildFile; fileRef = FA0D8134281C6D100008316B /* FilterViewController.swift */; };
		FA0D813A281C75F00008316B /* UnitFilterTableViewCell.swift in Sources */ = {isa = PBXBuildFile; fileRef = FA0D8139281C75F00008316B /* UnitFilterTableViewCell.swift */; };
		FA0D813E281C77A30008316B /* DangerFilterTableViewCell.swift in Sources */ = {isa = PBXBuildFile; fileRef = FA0D813D281C77A30008316B /* DangerFilterTableViewCell.swift */; };
		FA9A3CB12819C18D0038FC89 /* AppDelegate.swift in Sources */ = {isa = PBXBuildFile; fileRef = FA9A3CB02819C18D0038FC89 /* AppDelegate.swift */; };
		FA9A3CBA2819C1990038FC89 /* Assets.xcassets in Resources */ = {isa = PBXBuildFile; fileRef = FA9A3CB92819C1990038FC89 /* Assets.xcassets */; };
		FA9A3CBD2819C1990038FC89 /* LaunchScreen.storyboard in Resources */ = {isa = PBXBuildFile; fileRef = FA9A3CBB2819C1990038FC89 /* LaunchScreen.storyboard */; };
		FA9A3CD82819CA350038FC89 /* AssemblyBuilder.swift in Sources */ = {isa = PBXBuildFile; fileRef = FA9A3CD72819CA350038FC89 /* AssemblyBuilder.swift */; };
		FA9A3CDB2819CA750038FC89 /* Router.swift in Sources */ = {isa = PBXBuildFile; fileRef = FA9A3CDA2819CA750038FC89 /* Router.swift */; };
		FA9A3CE12819CB540038FC89 /* AsteroidsViewController.swift in Sources */ = {isa = PBXBuildFile; fileRef = FA9A3CE02819CB540038FC89 /* AsteroidsViewController.swift */; };
		FA9A3CE52819CB780038FC89 /* AsteroidsPresenter.swift in Sources */ = {isa = PBXBuildFile; fileRef = FA9A3CE42819CB780038FC89 /* AsteroidsPresenter.swift */; };
		FA9A3CEA2819CBE30038FC89 /* DestructionViewController.swift in Sources */ = {isa = PBXBuildFile; fileRef = FA9A3CE92819CBE30038FC89 /* DestructionViewController.swift */; };
		FA9A3CEE2819CBF60038FC89 /* DestructionPresenter.swift in Sources */ = {isa = PBXBuildFile; fileRef = FA9A3CED2819CBF60038FC89 /* DestructionPresenter.swift */; };
		FA9A3CF8281A02FD0038FC89 /* AsteroidsTableViewCell.swift in Sources */ = {isa = PBXBuildFile; fileRef = FA9A3CF7281A02FD0038FC89 /* AsteroidsTableViewCell.swift */; };
		FA9A3CFB281A092C0038FC89 /* Asteroid.swift in Sources */ = {isa = PBXBuildFile; fileRef = FA9A3CFA281A092C0038FC89 /* Asteroid.swift */; };
		FA9A3CFE281A15800038FC89 /* ShadowView.swift in Sources */ = {isa = PBXBuildFile; fileRef = FA9A3CFD281A15800038FC89 /* ShadowView.swift */; };
/* End PBXBuildFile section */

/* Begin PBXFileReference section */
		15E2ECAABD1781DE9EC68662 /* Pods-Armaggedon 2022.release.xcconfig */ = {isa = PBXFileReference; includeInIndex = 1; lastKnownFileType = text.xcconfig; name = "Pods-Armaggedon 2022.release.xcconfig"; path = "Target Support Files/Pods-Armaggedon 2022/Pods-Armaggedon 2022.release.xcconfig"; sourceTree = "<group>"; };
		7331ED2436AE54DA35FEB17A /* Pods-Armaggedon 2022.debug.xcconfig */ = {isa = PBXFileReference; includeInIndex = 1; lastKnownFileType = text.xcconfig; name = "Pods-Armaggedon 2022.debug.xcconfig"; path = "Target Support Files/Pods-Armaggedon 2022/Pods-Armaggedon 2022.debug.xcconfig"; sourceTree = "<group>"; };
		F2A57124BF03A5EBDEC0FEFA /* Pods_Armaggedon_2022.framework */ = {isa = PBXFileReference; explicitFileType = wrapper.framework; includeInIndex = 0; path = Pods_Armaggedon_2022.framework; sourceTree = BUILT_PRODUCTS_DIR; };
		FA0D80E2281BF3E60008316B /* ParserProtocol.swift */ = {isa = PBXFileReference; fileEncoding = 4; lastKnownFileType = sourcecode.swift; path = ParserProtocol.swift; sourceTree = "<group>"; };
		FA0D80E3281BF3E60008316B /* RequestConfig.swift */ = {isa = PBXFileReference; fileEncoding = 4; lastKnownFileType = sourcecode.swift; path = RequestConfig.swift; sourceTree = "<group>"; };
		FA0D80E4281BF3E60008316B /* RequestSenderProtocol.swift */ = {isa = PBXFileReference; fileEncoding = 4; lastKnownFileType = sourcecode.swift; path = RequestSenderProtocol.swift; sourceTree = "<group>"; };
		FA0D80E5281BF3E60008316B /* RequestProtocol.swift */ = {isa = PBXFileReference; fileEncoding = 4; lastKnownFileType = sourcecode.swift; path = RequestProtocol.swift; sourceTree = "<group>"; };
		FA0D80E6281BF3E60008316B /* NetworkError.swift */ = {isa = PBXFileReference; fileEncoding = 4; lastKnownFileType = sourcecode.swift; path = NetworkError.swift; sourceTree = "<group>"; };
		FA0D80ED281BF42D0008316B /* NetworkService.swift */ = {isa = PBXFileReference; lastKnownFileType = sourcecode.swift; path = NetworkService.swift; sourceTree = "<group>"; };
		FA0D80F2281BF4900008316B /* RequestsFactory.swift */ = {isa = PBXFileReference; lastKnownFileType = sourcecode.swift; path = RequestsFactory.swift; sourceTree = "<group>"; };
		FA0D80F7281BF4D90008316B /* AsteroidsRequest.swift */ = {isa = PBXFileReference; lastKnownFileType = sourcecode.swift; path = AsteroidsRequest.swift; sourceTree = "<group>"; };
		FA0D80FB281BF4F10008316B /* AsteroidsParser.swift */ = {isa = PBXFileReference; lastKnownFileType = sourcecode.swift; path = AsteroidsParser.swift; sourceTree = "<group>"; };
		FA0D80FE281BF51C0008316B /* AsteroidsApiModel.swift */ = {isa = PBXFileReference; lastKnownFileType = sourcecode.swift; path = AsteroidsApiModel.swift; sourceTree = "<group>"; };
		FA0D8104281C1CCE0008316B /* Date + DateFormatter.swift */ = {isa = PBXFileReference; lastKnownFileType = sourcecode.swift; path = "Date + DateFormatter.swift"; sourceTree = "<group>"; };
		FA0D810A281C38590008316B /* Logger.swift */ = {isa = PBXFileReference; lastKnownFileType = sourcecode.swift; path = Logger.swift; sourceTree = "<group>"; };
		FA0D8114281C41980008316B /* CoreDataModel.xcdatamodel */ = {isa = PBXFileReference; lastKnownFileType = wrapper.xcdatamodel; path = CoreDataModel.xcdatamodel; sourceTree = "<group>"; };
		FA0D8118281C42360008316B /* CoreDataStack.swift */ = {isa = PBXFileReference; lastKnownFileType = sourcecode.swift; path = CoreDataStack.swift; sourceTree = "<group>"; };
		FA0D811D281C428E0008316B /* CoreDataService.swift */ = {isa = PBXFileReference; lastKnownFileType = sourcecode.swift; path = CoreDataService.swift; sourceTree = "<group>"; };
		FA0D8120281C480F0008316B /* BaseFetchedResultsControllerDelegate.swift */ = {isa = PBXFileReference; lastKnownFileType = sourcecode.swift; path = BaseFetchedResultsControllerDelegate.swift; sourceTree = "<group>"; };
		FA0D8124281C495B0008316B /* DestructAsteroidCell.swift */ = {isa = PBXFileReference; lastKnownFileType = sourcecode.swift; path = DestructAsteroidCell.swift; sourceTree = "<group>"; };
		FA0D8127281C49D20008316B /* Array.swift */ = {isa = PBXFileReference; lastKnownFileType = sourcecode.swift; path = Array.swift; sourceTree = "<group>"; };
		FA0D812B281C66BB0008316B /* UIButton.swift */ = {isa = PBXFileReference; lastKnownFileType = sourcecode.swift; path = UIButton.swift; sourceTree = "<group>"; };
		FA0D812F281C6C9E0008316B /* FilterPresenter.swift */ = {isa = PBXFileReference; lastKnownFileType = sourcecode.swift; path = FilterPresenter.swift; sourceTree = "<group>"; };
		FA0D8134281C6D100008316B /* FilterViewController.swift */ = {isa = PBXFileReference; lastKnownFileType = sourcecode.swift; path = FilterViewController.swift; sourceTree = "<group>"; };
		FA0D8139281C75F00008316B /* UnitFilterTableViewCell.swift */ = {isa = PBXFileReference; lastKnownFileType = sourcecode.swift; path = UnitFilterTableViewCell.swift; sourceTree = "<group>"; };
		FA0D813D281C77A30008316B /* DangerFilterTableViewCell.swift */ = {isa = PBXFileReference; lastKnownFileType = sourcecode.swift; path = DangerFilterTableViewCell.swift; sourceTree = "<group>"; };
		FA9A3CAD2819C18D0038FC89 /* Armaggedon 2022.app */ = {isa = PBXFileReference; explicitFileType = wrapper.application; includeInIndex = 0; path = "Armaggedon 2022.app"; sourceTree = BUILT_PRODUCTS_DIR; };
		FA9A3CB02819C18D0038FC89 /* AppDelegate.swift */ = {isa = PBXFileReference; lastKnownFileType = sourcecode.swift; path = AppDelegate.swift; sourceTree = "<group>"; };
		FA9A3CB92819C1990038FC89 /* Assets.xcassets */ = {isa = PBXFileReference; lastKnownFileType = folder.assetcatalog; path = Assets.xcassets; sourceTree = "<group>"; };
		FA9A3CBC2819C1990038FC89 /* Base */ = {isa = PBXFileReference; lastKnownFileType = file.storyboard; name = Base; path = Base.lproj/LaunchScreen.storyboard; sourceTree = "<group>"; };
		FA9A3CBE2819C1990038FC89 /* Info.plist */ = {isa = PBXFileReference; lastKnownFileType = text.plist.xml; path = Info.plist; sourceTree = "<group>"; };
		FA9A3CD72819CA350038FC89 /* AssemblyBuilder.swift */ = {isa = PBXFileReference; lastKnownFileType = sourcecode.swift; path = AssemblyBuilder.swift; sourceTree = "<group>"; };
		FA9A3CDA2819CA750038FC89 /* Router.swift */ = {isa = PBXFileReference; lastKnownFileType = sourcecode.swift; path = Router.swift; sourceTree = "<group>"; };
		FA9A3CE02819CB540038FC89 /* AsteroidsViewController.swift */ = {isa = PBXFileReference; lastKnownFileType = sourcecode.swift; path = AsteroidsViewController.swift; sourceTree = "<group>"; };
		FA9A3CE42819CB780038FC89 /* AsteroidsPresenter.swift */ = {isa = PBXFileReference; lastKnownFileType = sourcecode.swift; path = AsteroidsPresenter.swift; sourceTree = "<group>"; };
		FA9A3CE92819CBE30038FC89 /* DestructionViewController.swift */ = {isa = PBXFileReference; lastKnownFileType = sourcecode.swift; path = DestructionViewController.swift; sourceTree = "<group>"; };
		FA9A3CED2819CBF60038FC89 /* DestructionPresenter.swift */ = {isa = PBXFileReference; lastKnownFileType = sourcecode.swift; path = DestructionPresenter.swift; sourceTree = "<group>"; };
		FA9A3CF7281A02FD0038FC89 /* AsteroidsTableViewCell.swift */ = {isa = PBXFileReference; lastKnownFileType = sourcecode.swift; path = AsteroidsTableViewCell.swift; sourceTree = "<group>"; };
		FA9A3CFA281A092C0038FC89 /* Asteroid.swift */ = {isa = PBXFileReference; lastKnownFileType = sourcecode.swift; path = Asteroid.swift; sourceTree = "<group>"; };
		FA9A3CFD281A15800038FC89 /* ShadowView.swift */ = {isa = PBXFileReference; lastKnownFileType = sourcecode.swift; path = ShadowView.swift; sourceTree = "<group>"; };
/* End PBXFileReference section */

/* Begin PBXFrameworksBuildPhase section */
		FA9A3CAA2819C18C0038FC89 /* Frameworks */ = {
			isa = PBXFrameworksBuildPhase;
			buildActionMask = 2147483647;
			files = (
				4FA9A4F18F10B2B6B0EA0A4B /* Pods_Armaggedon_2022.framework in Frameworks */,
			);
			runOnlyForDeploymentPostprocessing = 0;
		};
/* End PBXFrameworksBuildPhase section */

/* Begin PBXGroup section */
		43F3216301B0E7C24756B60E /* Frameworks */ = {
			isa = PBXGroup;
			children = (
				F2A57124BF03A5EBDEC0FEFA /* Pods_Armaggedon_2022.framework */,
			);
			name = Frameworks;
			sourceTree = "<group>";
		};
		5BD12CE57934E61336B1F29C /* Pods */ = {
			isa = PBXGroup;
			children = (
				7331ED2436AE54DA35FEB17A /* Pods-Armaggedon 2022.debug.xcconfig */,
				15E2ECAABD1781DE9EC68662 /* Pods-Armaggedon 2022.release.xcconfig */,
			);
			path = Pods;
			sourceTree = "<group>";
		};
		FA0D80E1281BF3E60008316B /* Network */ = {
			isa = PBXGroup;
			children = (
				FA0D80E2281BF3E60008316B /* ParserProtocol.swift */,
				FA0D80E3281BF3E60008316B /* RequestConfig.swift */,
				FA0D80E4281BF3E60008316B /* RequestSenderProtocol.swift */,
				FA0D80E5281BF3E60008316B /* RequestProtocol.swift */,
				FA0D80E6281BF3E60008316B /* NetworkError.swift */,
			);
			path = Network;
			sourceTree = "<group>";
		};
		FA0D80F0281BF43E0008316B /* NetworkService */ = {
			isa = PBXGroup;
			children = (
				FA0D80ED281BF42D0008316B /* NetworkService.swift */,
				FA0D80F2281BF4900008316B /* RequestsFactory.swift */,
				FA0D80F1281BF4720008316B /* Asteroids */,
			);
			path = NetworkService;
			sourceTree = "<group>";
		};
		FA0D80F1281BF4720008316B /* Asteroids */ = {
			isa = PBXGroup;
			children = (
				FA0D80FE281BF51C0008316B /* AsteroidsApiModel.swift */,
				FA9A3CFA281A092C0038FC89 /* Asteroid.swift */,
				FA0D80F7281BF4D90008316B /* AsteroidsRequest.swift */,
				FA0D80FB281BF4F10008316B /* AsteroidsParser.swift */,
			);
			path = Asteroids;
			sourceTree = "<group>";
		};
		FA0D8103281C1C960008316B /* Extensions */ = {
			isa = PBXGroup;
			children = (
				FA0D8104281C1CCE0008316B /* Date + DateFormatter.swift */,
				FA0D8127281C49D20008316B /* Array.swift */,
				FA0D812B281C66BB0008316B /* UIButton.swift */,
			);
			path = Extensions;
			sourceTree = "<group>";
		};
		FA0D8109281C38480008316B /* Logger */ = {
			isa = PBXGroup;
			children = (
				FA0D810A281C38590008316B /* Logger.swift */,
			);
			path = Logger;
			sourceTree = "<group>";
		};
		FA0D810D281C3A7C0008316B /* CoreData */ = {
			isa = PBXGroup;
			children = (
				FA0D8113281C41980008316B /* CoreDataModel.xcdatamodeld */,
				FA0D8118281C42360008316B /* CoreDataStack.swift */,
			);
			path = CoreData;
			sourceTree = "<group>";
		};
		FA0D811C281C42530008316B /* CoreDataService */ = {
			isa = PBXGroup;
			children = (
				FA0D811D281C428E0008316B /* CoreDataService.swift */,
			);
			path = CoreDataService;
			sourceTree = "<group>";
		};
		FA0D8123281C493A0008316B /* Views */ = {
			isa = PBXGroup;
			children = (
				FA9A3CE92819CBE30038FC89 /* DestructionViewController.swift */,
				FA0D8124281C495B0008316B /* DestructAsteroidCell.swift */,
			);
			path = Views;
			sourceTree = "<group>";
		};
		FA0D812E281C6C7E0008316B /* FilterScreen */ = {
			isa = PBXGroup;
			children = (
				FA0D812F281C6C9E0008316B /* FilterPresenter.swift */,
				FA0D8132281C6CF80008316B /* Views */,
			);
			path = FilterScreen;
			sourceTree = "<group>";
		};
		FA0D8132281C6CF80008316B /* Views */ = {
			isa = PBXGroup;
			children = (
				FA0D8134281C6D100008316B /* FilterViewController.swift */,
				FA0D8139281C75F00008316B /* UnitFilterTableViewCell.swift */,
				FA0D813D281C77A30008316B /* DangerFilterTableViewCell.swift */,
			);
			path = Views;
			sourceTree = "<group>";
		};
		FA0D8137281C72550008316B /* ShadowView */ = {
			isa = PBXGroup;
			children = (
				FA9A3CFD281A15800038FC89 /* ShadowView.swift */,
			);
			path = ShadowView;
			sourceTree = "<group>";
		};
		FA9A3CA42819C18C0038FC89 = {
			isa = PBXGroup;
			children = (
				FA9A3CAF2819C18D0038FC89 /* Armaggedon 2022 */,
				FA9A3CAE2819C18D0038FC89 /* Products */,
				5BD12CE57934E61336B1F29C /* Pods */,
				43F3216301B0E7C24756B60E /* Frameworks */,
			);
			sourceTree = "<group>";
		};
		FA9A3CAE2819C18D0038FC89 /* Products */ = {
			isa = PBXGroup;
			children = (
				FA9A3CAD2819C18D0038FC89 /* Armaggedon 2022.app */,
			);
			name = Products;
			sourceTree = "<group>";
		};
		FA9A3CAF2819C18D0038FC89 /* Armaggedon 2022 */ = {
			isa = PBXGroup;
			children = (
				FA9A3CCC2819C7A10038FC89 /* Presentation Layer */,
				FA9A3CCD2819C7C90038FC89 /* Service Layer */,
				FA9A3CCE2819C7D70038FC89 /* Core Layer */,
				FA0D8103281C1C960008316B /* Extensions */,
				FA9A3CD32819C89E0038FC89 /* Supporting Files */,
			);
			path = "Armaggedon 2022";
			sourceTree = "<group>";
		};
		FA9A3CCC2819C7A10038FC89 /* Presentation Layer */ = {
			isa = PBXGroup;
			children = (
				FA9A3CDA2819CA750038FC89 /* Router.swift */,
				FA9A3CD72819CA350038FC89 /* AssemblyBuilder.swift */,
				FA0D8120281C480F0008316B /* BaseFetchedResultsControllerDelegate.swift */,
				FA9A3CDE2819CAC50038FC89 /* AsteroidsScreen */,
				FA0D812E281C6C7E0008316B /* FilterScreen */,
				FA9A3CDF2819CB020038FC89 /* DestructionScreen */,
				FA0D8137281C72550008316B /* ShadowView */,
				FA9A3CCF2819C7E60038FC89 /* AppDelegate */,
				FA9A3CD12819C8170038FC89 /* LaunchScreen */,
				FA9A3CD02819C7F20038FC89 /* Assets */,
			);
			path = "Presentation Layer";
			sourceTree = "<group>";
		};
		FA9A3CCD2819C7C90038FC89 /* Service Layer */ = {
			isa = PBXGroup;
			children = (
				FA0D811C281C42530008316B /* CoreDataService */,
				FA0D80F0281BF43E0008316B /* NetworkService */,
			);
			path = "Service Layer";
			sourceTree = "<group>";
		};
		FA9A3CCE2819C7D70038FC89 /* Core Layer */ = {
			isa = PBXGroup;
			children = (
				FA0D810D281C3A7C0008316B /* CoreData */,
				FA0D80E1281BF3E60008316B /* Network */,
				FA0D8109281C38480008316B /* Logger */,
			);
			path = "Core Layer";
			sourceTree = "<group>";
		};
		FA9A3CCF2819C7E60038FC89 /* AppDelegate */ = {
			isa = PBXGroup;
			children = (
				FA9A3CB02819C18D0038FC89 /* AppDelegate.swift */,
			);
			path = AppDelegate;
			sourceTree = "<group>";
		};
		FA9A3CD02819C7F20038FC89 /* Assets */ = {
			isa = PBXGroup;
			children = (
				FA9A3CB92819C1990038FC89 /* Assets.xcassets */,
			);
			path = Assets;
			sourceTree = "<group>";
		};
		FA9A3CD12819C8170038FC89 /* LaunchScreen */ = {
			isa = PBXGroup;
			children = (
				FA9A3CBB2819C1990038FC89 /* LaunchScreen.storyboard */,
			);
			path = LaunchScreen;
			sourceTree = "<group>";
		};
		FA9A3CD32819C89E0038FC89 /* Supporting Files */ = {
			isa = PBXGroup;
			children = (
				FA9A3CBE2819C1990038FC89 /* Info.plist */,
			);
			path = "Supporting Files";
			sourceTree = "<group>";
		};
		FA9A3CDE2819CAC50038FC89 /* AsteroidsScreen */ = {
			isa = PBXGroup;
			children = (
				FA9A3CE42819CB780038FC89 /* AsteroidsPresenter.swift */,
				FA9A3CF5281A02150038FC89 /* Views */,
			);
			path = AsteroidsScreen;
			sourceTree = "<group>";
		};
		FA9A3CDF2819CB020038FC89 /* DestructionScreen */ = {
			isa = PBXGroup;
			children = (
				FA9A3CED2819CBF60038FC89 /* DestructionPresenter.swift */,
				FA0D8123281C493A0008316B /* Views */,
			);
			path = DestructionScreen;
			sourceTree = "<group>";
		};
		FA9A3CF5281A02150038FC89 /* Views */ = {
			isa = PBXGroup;
			children = (
				FA9A3CE02819CB540038FC89 /* AsteroidsViewController.swift */,
				FA9A3CF7281A02FD0038FC89 /* AsteroidsTableViewCell.swift */,
			);
			path = Views;
			sourceTree = "<group>";
		};
/* End PBXGroup section */

/* Begin PBXNativeTarget section */
		FA9A3CAC2819C18C0038FC89 /* Armaggedon 2022 */ = {
			isa = PBXNativeTarget;
			buildConfigurationList = FA9A3CC12819C1990038FC89 /* Build configuration list for PBXNativeTarget "Armaggedon 2022" */;
			buildPhases = (
				FA9A3CC82819C28F0038FC89 /* SwiftLint */,
				F7E0B25E118E9FA94D853555 /* [CP] Check Pods Manifest.lock */,
				FA9A3CA92819C18C0038FC89 /* Sources */,
				FA9A3CAA2819C18C0038FC89 /* Frameworks */,
				FA9A3CAB2819C18C0038FC89 /* Resources */,
			);
			buildRules = (
			);
			dependencies = (
			);
			name = "Armaggedon 2022";
			productName = "Armaggedon 2022";
			productReference = FA9A3CAD2819C18D0038FC89 /* Armaggedon 2022.app */;
			productType = "com.apple.product-type.application";
		};
/* End PBXNativeTarget section */

/* Begin PBXProject section */
		FA9A3CA52819C18C0038FC89 /* Project object */ = {
			isa = PBXProject;
			attributes = {
				LastSwiftUpdateCheck = 1240;
				LastUpgradeCheck = 1240;
				TargetAttributes = {
					FA9A3CAC2819C18C0038FC89 = {
						CreatedOnToolsVersion = 12.4;
					};
				};
			};
			buildConfigurationList = FA9A3CA82819C18C0038FC89 /* Build configuration list for PBXProject "Armaggedon 2022" */;
			compatibilityVersion = "Xcode 9.3";
			developmentRegion = en;
			hasScannedForEncodings = 0;
			knownRegions = (
				en,
				Base,
			);
			mainGroup = FA9A3CA42819C18C0038FC89;
			productRefGroup = FA9A3CAE2819C18D0038FC89 /* Products */;
			projectDirPath = "";
			projectRoot = "";
			targets = (
				FA9A3CAC2819C18C0038FC89 /* Armaggedon 2022 */,
			);
		};
/* End PBXProject section */

/* Begin PBXResourcesBuildPhase section */
		FA9A3CAB2819C18C0038FC89 /* Resources */ = {
			isa = PBXResourcesBuildPhase;
			buildActionMask = 2147483647;
			files = (
				FA9A3CBD2819C1990038FC89 /* LaunchScreen.storyboard in Resources */,
				FA9A3CBA2819C1990038FC89 /* Assets.xcassets in Resources */,
			);
			runOnlyForDeploymentPostprocessing = 0;
		};
/* End PBXResourcesBuildPhase section */

/* Begin PBXShellScriptBuildPhase section */
		F7E0B25E118E9FA94D853555 /* [CP] Check Pods Manifest.lock */ = {
			isa = PBXShellScriptBuildPhase;
			buildActionMask = 2147483647;
			files = (
			);
			inputFileListPaths = (
			);
			inputPaths = (
				"${PODS_PODFILE_DIR_PATH}/Podfile.lock",
				"${PODS_ROOT}/Manifest.lock",
			);
			name = "[CP] Check Pods Manifest.lock";
			outputFileListPaths = (
			);
			outputPaths = (
				"$(DERIVED_FILE_DIR)/Pods-Armaggedon 2022-checkManifestLockResult.txt",
			);
			runOnlyForDeploymentPostprocessing = 0;
			shellPath = /bin/sh;
			shellScript = "diff \"${PODS_PODFILE_DIR_PATH}/Podfile.lock\" \"${PODS_ROOT}/Manifest.lock\" > /dev/null\nif [ $? != 0 ] ; then\n    # print error to STDERR\n    echo \"error: The sandbox is not in sync with the Podfile.lock. Run 'pod install' or update your CocoaPods installation.\" >&2\n    exit 1\nfi\n# This output is used by Xcode 'outputs' to avoid re-running this script phase.\necho \"SUCCESS\" > \"${SCRIPT_OUTPUT_FILE_0}\"\n";
			showEnvVarsInLog = 0;
		};
		FA9A3CC82819C28F0038FC89 /* SwiftLint */ = {
			isa = PBXShellScriptBuildPhase;
			buildActionMask = 2147483647;
			files = (
			);
			inputFileListPaths = (
			);
			inputPaths = (
			);
			name = SwiftLint;
			outputFileListPaths = (
			);
			outputPaths = (
			);
			runOnlyForDeploymentPostprocessing = 0;
			shellPath = /bin/sh;
			shellScript = "# Type a script or drag a script file from your workspace to insert its path.\n\"${PODS_ROOT}/SwiftLint/swiftlint\"\n";
		};
/* End PBXShellScriptBuildPhase section */

/* Begin PBXSourcesBuildPhase section */
		FA9A3CA92819C18C0038FC89 /* Sources */ = {
			isa = PBXSourcesBuildPhase;
			buildActionMask = 2147483647;
			files = (
				FA0D80E9281BF3E60008316B /* RequestSenderProtocol.swift in Sources */,
				FA0D813A281C75F00008316B /* UnitFilterTableViewCell.swift in Sources */,
				FA0D810B281C38590008316B /* Logger.swift in Sources */,
				FA9A3CF8281A02FD0038FC89 /* AsteroidsTableViewCell.swift in Sources */,
				FA0D80F8281BF4D90008316B /* AsteroidsRequest.swift in Sources */,
				FA9A3CEE2819CBF60038FC89 /* DestructionPresenter.swift in Sources */,
				FA0D8125281C495B0008316B /* DestructAsteroidCell.swift in Sources */,
				FA0D80FC281BF4F10008316B /* AsteroidsParser.swift in Sources */,
				FA0D8105281C1CCE0008316B /* Date + DateFormatter.swift in Sources */,
				FA0D813E281C77A30008316B /* DangerFilterTableViewCell.swift in Sources */,
				FA0D80F3281BF4900008316B /* RequestsFactory.swift in Sources */,
				FA0D812C281C66BB0008316B /* UIButton.swift in Sources */,
				FA0D8128281C49D20008316B /* Array.swift in Sources */,
				FA9A3CDB2819CA750038FC89 /* Router.swift in Sources */,
				FA9A3CE12819CB540038FC89 /* AsteroidsViewController.swift in Sources */,
				FA0D8121281C480F0008316B /* BaseFetchedResultsControllerDelegate.swift in Sources */,
				FA9A3CFE281A15800038FC89 /* ShadowView.swift in Sources */,
				FA0D80E8281BF3E60008316B /* RequestConfig.swift in Sources */,
				FA9A3CFB281A092C0038FC89 /* Asteroid.swift in Sources */,
				FA9A3CE52819CB780038FC89 /* AsteroidsPresenter.swift in Sources */,
				FA0D80EB281BF3E60008316B /* NetworkError.swift in Sources */,
				FA0D8119281C42360008316B /* CoreDataStack.swift in Sources */,
				FA0D80EE281BF42D0008316B /* NetworkService.swift in Sources */,
				FA0D811E281C428E0008316B /* CoreDataService.swift in Sources */,
				FA9A3CD82819CA350038FC89 /* AssemblyBuilder.swift in Sources */,
				FA0D8135281C6D100008316B /* FilterViewController.swift in Sources */,
				FA0D8115281C41980008316B /* CoreDataModel.xcdatamodeld in Sources */,
				FA0D80FF281BF51C0008316B /* AsteroidsApiModel.swift in Sources */,
				FA9A3CEA2819CBE30038FC89 /* DestructionViewController.swift in Sources */,
				FA0D8130281C6C9E0008316B /* FilterPresenter.swift in Sources */,
				FA9A3CB12819C18D0038FC89 /* AppDelegate.swift in Sources */,
				FA0D80E7281BF3E60008316B /* ParserProtocol.swift in Sources */,
				FA0D80EA281BF3E60008316B /* RequestProtocol.swift in Sources */,
			);
			runOnlyForDeploymentPostprocessing = 0;
		};
/* End PBXSourcesBuildPhase section */

/* Begin PBXVariantGroup section */
		FA9A3CBB2819C1990038FC89 /* LaunchScreen.storyboard */ = {
			isa = PBXVariantGroup;
			children = (
				FA9A3CBC2819C1990038FC89 /* Base */,
			);
			name = LaunchScreen.storyboard;
			sourceTree = "<group>";
		};
/* End PBXVariantGroup section */

/* Begin XCBuildConfiguration section */
		FA9A3CBF2819C1990038FC89 /* Debug */ = {
			isa = XCBuildConfiguration;
			buildSettings = {
				ALWAYS_SEARCH_USER_PATHS = NO;
				CLANG_ANALYZER_NONNULL = YES;
				CLANG_ANALYZER_NUMBER_OBJECT_CONVERSION = YES_AGGRESSIVE;
				CLANG_CXX_LANGUAGE_STANDARD = "gnu++14";
				CLANG_CXX_LIBRARY = "libc++";
				CLANG_ENABLE_MODULES = YES;
				CLANG_ENABLE_OBJC_ARC = YES;
				CLANG_ENABLE_OBJC_WEAK = YES;
				CLANG_WARN_BLOCK_CAPTURE_AUTORELEASING = YES;
				CLANG_WARN_BOOL_CONVERSION = YES;
				CLANG_WARN_COMMA = YES;
				CLANG_WARN_CONSTANT_CONVERSION = YES;
				CLANG_WARN_DEPRECATED_OBJC_IMPLEMENTATIONS = YES;
				CLANG_WARN_DIRECT_OBJC_ISA_USAGE = YES_ERROR;
				CLANG_WARN_DOCUMENTATION_COMMENTS = YES;
				CLANG_WARN_EMPTY_BODY = YES;
				CLANG_WARN_ENUM_CONVERSION = YES;
				CLANG_WARN_INFINITE_RECURSION = YES;
				CLANG_WARN_INT_CONVERSION = YES;
				CLANG_WARN_NON_LITERAL_NULL_CONVERSION = YES;
				CLANG_WARN_OBJC_IMPLICIT_RETAIN_SELF = YES;
				CLANG_WARN_OBJC_LITERAL_CONVERSION = YES;
				CLANG_WARN_OBJC_ROOT_CLASS = YES_ERROR;
				CLANG_WARN_QUOTED_INCLUDE_IN_FRAMEWORK_HEADER = YES;
				CLANG_WARN_RANGE_LOOP_ANALYSIS = YES;
				CLANG_WARN_STRICT_PROTOTYPES = YES;
				CLANG_WARN_SUSPICIOUS_MOVE = YES;
				CLANG_WARN_UNGUARDED_AVAILABILITY = YES_AGGRESSIVE;
				CLANG_WARN_UNREACHABLE_CODE = YES;
				CLANG_WARN__DUPLICATE_METHOD_MATCH = YES;
				COPY_PHASE_STRIP = NO;
				DEBUG_INFORMATION_FORMAT = dwarf;
				ENABLE_STRICT_OBJC_MSGSEND = YES;
				ENABLE_TESTABILITY = YES;
				GCC_C_LANGUAGE_STANDARD = gnu11;
				GCC_DYNAMIC_NO_PIC = NO;
				GCC_NO_COMMON_BLOCKS = YES;
				GCC_OPTIMIZATION_LEVEL = 0;
				GCC_PREPROCESSOR_DEFINITIONS = (
					"DEBUG=1",
					"$(inherited)",
				);
				GCC_WARN_64_TO_32_BIT_CONVERSION = YES;
				GCC_WARN_ABOUT_RETURN_TYPE = YES_ERROR;
				GCC_WARN_UNDECLARED_SELECTOR = YES;
				GCC_WARN_UNINITIALIZED_AUTOS = YES_AGGRESSIVE;
				GCC_WARN_UNUSED_FUNCTION = YES;
				GCC_WARN_UNUSED_VARIABLE = YES;
				IPHONEOS_DEPLOYMENT_TARGET = 14.4;
				MTL_ENABLE_DEBUG_INFO = INCLUDE_SOURCE;
				MTL_FAST_MATH = YES;
				ONLY_ACTIVE_ARCH = YES;
				SDKROOT = iphoneos;
				SWIFT_ACTIVE_COMPILATION_CONDITIONS = DEBUG;
				SWIFT_OPTIMIZATION_LEVEL = "-Onone";
			};
			name = Debug;
		};
		FA9A3CC02819C1990038FC89 /* Release */ = {
			isa = XCBuildConfiguration;
			buildSettings = {
				ALWAYS_SEARCH_USER_PATHS = NO;
				CLANG_ANALYZER_NONNULL = YES;
				CLANG_ANALYZER_NUMBER_OBJECT_CONVERSION = YES_AGGRESSIVE;
				CLANG_CXX_LANGUAGE_STANDARD = "gnu++14";
				CLANG_CXX_LIBRARY = "libc++";
				CLANG_ENABLE_MODULES = YES;
				CLANG_ENABLE_OBJC_ARC = YES;
				CLANG_ENABLE_OBJC_WEAK = YES;
				CLANG_WARN_BLOCK_CAPTURE_AUTORELEASING = YES;
				CLANG_WARN_BOOL_CONVERSION = YES;
				CLANG_WARN_COMMA = YES;
				CLANG_WARN_CONSTANT_CONVERSION = YES;
				CLANG_WARN_DEPRECATED_OBJC_IMPLEMENTATIONS = YES;
				CLANG_WARN_DIRECT_OBJC_ISA_USAGE = YES_ERROR;
				CLANG_WARN_DOCUMENTATION_COMMENTS = YES;
				CLANG_WARN_EMPTY_BODY = YES;
				CLANG_WARN_ENUM_CONVERSION = YES;
				CLANG_WARN_INFINITE_RECURSION = YES;
				CLANG_WARN_INT_CONVERSION = YES;
				CLANG_WARN_NON_LITERAL_NULL_CONVERSION = YES;
				CLANG_WARN_OBJC_IMPLICIT_RETAIN_SELF = YES;
				CLANG_WARN_OBJC_LITERAL_CONVERSION = YES;
				CLANG_WARN_OBJC_ROOT_CLASS = YES_ERROR;
				CLANG_WARN_QUOTED_INCLUDE_IN_FRAMEWORK_HEADER = YES;
				CLANG_WARN_RANGE_LOOP_ANALYSIS = YES;
				CLANG_WARN_STRICT_PROTOTYPES = YES;
				CLANG_WARN_SUSPICIOUS_MOVE = YES;
				CLANG_WARN_UNGUARDED_AVAILABILITY = YES_AGGRESSIVE;
				CLANG_WARN_UNREACHABLE_CODE = YES;
				CLANG_WARN__DUPLICATE_METHOD_MATCH = YES;
				COPY_PHASE_STRIP = NO;
				DEBUG_INFORMATION_FORMAT = "dwarf-with-dsym";
				ENABLE_NS_ASSERTIONS = NO;
				ENABLE_STRICT_OBJC_MSGSEND = YES;
				GCC_C_LANGUAGE_STANDARD = gnu11;
				GCC_NO_COMMON_BLOCKS = YES;
				GCC_WARN_64_TO_32_BIT_CONVERSION = YES;
				GCC_WARN_ABOUT_RETURN_TYPE = YES_ERROR;
				GCC_WARN_UNDECLARED_SELECTOR = YES;
				GCC_WARN_UNINITIALIZED_AUTOS = YES_AGGRESSIVE;
				GCC_WARN_UNUSED_FUNCTION = YES;
				GCC_WARN_UNUSED_VARIABLE = YES;
				IPHONEOS_DEPLOYMENT_TARGET = 14.4;
				MTL_ENABLE_DEBUG_INFO = NO;
				MTL_FAST_MATH = YES;
				SDKROOT = iphoneos;
				SWIFT_COMPILATION_MODE = wholemodule;
				SWIFT_OPTIMIZATION_LEVEL = "-O";
				VALIDATE_PRODUCT = YES;
			};
			name = Release;
		};
		FA9A3CC22819C1990038FC89 /* Debug */ = {
			isa = XCBuildConfiguration;
			baseConfigurationReference = 7331ED2436AE54DA35FEB17A /* Pods-Armaggedon 2022.debug.xcconfig */;
			buildSettings = {
				ASSETCATALOG_COMPILER_APPICON_NAME = AppIcon;
				ASSETCATALOG_COMPILER_GLOBAL_ACCENT_COLOR_NAME = AccentColor;
				CODE_SIGN_STYLE = Automatic;
				DEVELOPMENT_TEAM = G8488GQKLC;
				INFOPLIST_FILE = "Armaggedon 2022/Supporting Files/Info.plist";
				LD_RUNPATH_SEARCH_PATHS = (
					"$(inherited)",
					"@executable_path/Frameworks",
				);
				PRODUCT_BUNDLE_IDENTIFIER = "ru.wohagy.Armaggedon-2022";
				PRODUCT_NAME = "$(TARGET_NAME)";
				SWIFT_VERSION = 5.0;
				TARGETED_DEVICE_FAMILY = "1,2";
			};
			name = Debug;
		};
		FA9A3CC32819C1990038FC89 /* Release */ = {
			isa = XCBuildConfiguration;
			baseConfigurationReference = 15E2ECAABD1781DE9EC68662 /* Pods-Armaggedon 2022.release.xcconfig */;
			buildSettings = {
				ASSETCATALOG_COMPILER_APPICON_NAME = AppIcon;
				ASSETCATALOG_COMPILER_GLOBAL_ACCENT_COLOR_NAME = AccentColor;
				CODE_SIGN_STYLE = Automatic;
				DEVELOPMENT_TEAM = G8488GQKLC;
				INFOPLIST_FILE = "Armaggedon 2022/Supporting Files/Info.plist";
				LD_RUNPATH_SEARCH_PATHS = (
					"$(inherited)",
					"@executable_path/Frameworks",
				);
				PRODUCT_BUNDLE_IDENTIFIER = "ru.wohagy.Armaggedon-2022";
				PRODUCT_NAME = "$(TARGET_NAME)";
				SWIFT_VERSION = 5.0;
				TARGETED_DEVICE_FAMILY = "1,2";
			};
			name = Release;
		};
/* End XCBuildConfiguration section */

/* Begin XCConfigurationList section */
		FA9A3CA82819C18C0038FC89 /* Build configuration list for PBXProject "Armaggedon 2022" */ = {
			isa = XCConfigurationList;
			buildConfigurations = (
				FA9A3CBF2819C1990038FC89 /* Debug */,
				FA9A3CC02819C1990038FC89 /* Release */,
			);
			defaultConfigurationIsVisible = 0;
			defaultConfigurationName = Release;
		};
		FA9A3CC12819C1990038FC89 /* Build configuration list for PBXNativeTarget "Armaggedon 2022" */ = {
			isa = XCConfigurationList;
			buildConfigurations = (
				FA9A3CC22819C1990038FC89 /* Debug */,
				FA9A3CC32819C1990038FC89 /* Release */,
			);
			defaultConfigurationIsVisible = 0;
			defaultConfigurationName = Release;
		};
/* End XCConfigurationList section */

/* Begin XCVersionGroup section */
		FA0D8113281C41980008316B /* CoreDataModel.xcdatamodeld */ = {
			isa = XCVersionGroup;
			children = (
				FA0D8114281C41980008316B /* CoreDataModel.xcdatamodel */,
			);
			currentVersion = FA0D8114281C41980008316B /* CoreDataModel.xcdatamodel */;
			path = CoreDataModel.xcdatamodeld;
			sourceTree = "<group>";
			versionGroupType = wrapper.xcdatamodel;
		};
/* End XCVersionGroup section */
	};
	rootObject = FA9A3CA52819C18C0038FC89 /* Project object */;
}
